
Microsoft Visual Studio Solution File, Format Version 12.00
# Visual Studio 15
VisualStudioVersion = 15.0.28307.852
MinimumVisualStudioVersion = 10.0.40219.1
Project("{FAE04EC0-301F-11D3-BF4B-00C04F79EFBC}") = "ChatClientServer", "ChatClientServer\ChatClientServer.csproj", "{A3E7223C-9A18-44F9-9531-CC0B18F22B57}"
EndProject
Project("{FAE04EC0-301F-11D3-BF4B-00C04F79EFBC}") = "ServerLib", "ServerLib\ServerLib.csproj", "{78486A2E-5A01-4448-9942-27E689F6B14E}"
EndProject
Global
	GlobalSection(SolutionConfigurationPlatforms) = preSolution
		Debug|Any CPU = Debug|Any CPU
		Release|Any CPU = Release|Any CPU
	EndGlobalSection
	GlobalSection(ProjectConfigurationPlatforms) = postSolution
		{A3E7223C-9A18-44F9-9531-CC0B18F22B57}.Debug|Any CPU.ActiveCfg = Debug|Any CPU
		{A3E7223C-9A18-44F9-9531-CC0B18F22B57}.Debug|Any CPU.Build.0 = Debug|Any CPU
		{A3E7223C-9A18-44F9-9531-CC0B18F22B57}.Release|Any CPU.ActiveCfg = Release|Any CPU
		{A3E7223C-9A18-44F9-9531-CC0B18F22B57}.Release|Any CPU.Build.0 = Release|Any CPU
		{78486A2E-5A01-4448-9942-27E689F6B14E}.Debug|Any CPU.ActiveCfg = Debug|Any CPU
		{78486A2E-5A01-4448-9942-27E689F6B14E}.Debug|Any CPU.Build.0 = Debug|Any CPU
		{78486A2E-5A01-4448-9942-27E689F6B14E}.Release|Any CPU.ActiveCfg = Release|Any CPU
		{78486A2E-5A01-4448-9942-27E689F6B14E}.Release|Any CPU.Build.0 = Release|Any CPU
	EndGlobalSection
	GlobalSection(SolutionProperties) = preSolution
		HideSolutionNode = FALSE
	EndGlobalSection
	GlobalSection(ExtensibilityGlobals) = postSolution
		SolutionGuid = {62C46526-5829-49FB-B232-7EC67255CE15}
	EndGlobalSection
EndGlobal
