
Microsoft Visual Studio Solution File, Format Version 12.00
# Visual Studio 15
VisualStudioVersion = 15.0.28307.852
MinimumVisualStudioVersion = 10.0.40219.1
Project("{FAE04EC0-301F-11D3-BF4B-00C04F79EFBC}") = "ChatClient", "ChatClient\ChatClient.csproj", "{9F60C3E5-5D30-4FB2-AFD2-D6AA3B71B634}"
EndProject
Global
	GlobalSection(SolutionConfigurationPlatforms) = preSolution
		Debug|Any CPU = Debug|Any CPU
		Release|Any CPU = Release|Any CPU
	EndGlobalSection
	GlobalSection(ProjectConfigurationPlatforms) = postSolution
		{9F60C3E5-5D30-4FB2-AFD2-D6AA3B71B634}.Debug|Any CPU.ActiveCfg = Debug|Any CPU
		{9F60C3E5-5D30-4FB2-AFD2-D6AA3B71B634}.Debug|Any CPU.Build.0 = Debug|Any CPU
		{9F60C3E5-5D30-4FB2-AFD2-D6AA3B71B634}.Release|Any CPU.ActiveCfg = Release|Any CPU
		{9F60C3E5-5D30-4FB2-AFD2-D6AA3B71B634}.Release|Any CPU.Build.0 = Release|Any CPU
	EndGlobalSection
	GlobalSection(SolutionProperties) = preSolution
		HideSolutionNode = FALSE
	EndGlobalSection
	GlobalSection(ExtensibilityGlobals) = postSolution
		SolutionGuid = {DF0ED35A-1EC4-466B-A218-BD9593E1C3B0}
	EndGlobalSection
EndGlobal
